
Microsoft Visual Studio Solution File, Format Version 12.00
# Visual Studio 14
VisualStudioVersion = 14.0.25420.1
MinimumVisualStudioVersion = 10.0.40219.1
Project("{FAE04EC0-301F-11D3-BF4B-00C04F79EFBC}") = "Office.API", "Office.API\Office.API.csproj", "{0A153D46-F758-4EC5-85EA-DCEB81EAF5BD}"
EndProject
Project("{FAE04EC0-301F-11D3-BF4B-00C04F79EFBC}") = "Office.BusinessLogic", "Office.BusinessLogic\Office.BusinessLogic.csproj", "{257B61B9-6A67-48EB-AC74-18A1DF7F3915}"
EndProject
Project("{FAE04EC0-301F-11D3-BF4B-00C04F79EFBC}") = "Office.Data", "Office.Data\Office.Data.csproj", "{85F9630E-FD05-4FB4-93F2-A8EB2B26E695}"
EndProject
Project("{FAE04EC0-301F-11D3-BF4B-00C04F79EFBC}") = "Office.Common", "Office.Common\Office.Common.csproj", "{A80CCC99-1DBA-494E-A29B-A12C3041ADE0}"
EndProject
Global
	GlobalSection(SolutionConfigurationPlatforms) = preSolution
		Debug|Any CPU = Debug|Any CPU
		Release|Any CPU = Release|Any CPU
	EndGlobalSection
	GlobalSection(ProjectConfigurationPlatforms) = postSolution
		{0A153D46-F758-4EC5-85EA-DCEB81EAF5BD}.Debug|Any CPU.ActiveCfg = Debug|Any CPU
		{0A153D46-F758-4EC5-85EA-DCEB81EAF5BD}.Debug|Any CPU.Build.0 = Debug|Any CPU
		{0A153D46-F758-4EC5-85EA-DCEB81EAF5BD}.Release|Any CPU.ActiveCfg = Release|Any CPU
		{0A153D46-F758-4EC5-85EA-DCEB81EAF5BD}.Release|Any CPU.Build.0 = Release|Any CPU
		{257B61B9-6A67-48EB-AC74-18A1DF7F3915}.Debug|Any CPU.ActiveCfg = Debug|Any CPU
		{257B61B9-6A67-48EB-AC74-18A1DF7F3915}.Debug|Any CPU.Build.0 = Debug|Any CPU
		{257B61B9-6A67-48EB-AC74-18A1DF7F3915}.Release|Any CPU.ActiveCfg = Release|Any CPU
		{257B61B9-6A67-48EB-AC74-18A1DF7F3915}.Release|Any CPU.Build.0 = Release|Any CPU
		{85F9630E-FD05-4FB4-93F2-A8EB2B26E695}.Debug|Any CPU.ActiveCfg = Debug|Any CPU
		{85F9630E-FD05-4FB4-93F2-A8EB2B26E695}.Debug|Any CPU.Build.0 = Debug|Any CPU
		{85F9630E-FD05-4FB4-93F2-A8EB2B26E695}.Release|Any CPU.ActiveCfg = Release|Any CPU
		{85F9630E-FD05-4FB4-93F2-A8EB2B26E695}.Release|Any CPU.Build.0 = Release|Any CPU
		{A80CCC99-1DBA-494E-A29B-A12C3041ADE0}.Debug|Any CPU.ActiveCfg = Debug|Any CPU
		{A80CCC99-1DBA-494E-A29B-A12C3041ADE0}.Debug|Any CPU.Build.0 = Debug|Any CPU
		{A80CCC99-1DBA-494E-A29B-A12C3041ADE0}.Release|Any CPU.ActiveCfg = Release|Any CPU
		{A80CCC99-1DBA-494E-A29B-A12C3041ADE0}.Release|Any CPU.Build.0 = Release|Any CPU
	EndGlobalSection
	GlobalSection(SolutionProperties) = preSolution
		HideSolutionNode = FALSE
	EndGlobalSection
EndGlobal
